// !$*UTF8*$!
{
	archiveVersion = 1;
	classes = {
	};
	objectVersion = 56;
	objects = {

/* Begin PBXBuildFile section */
		5D35E2CA29C424B200FCDDBC /* AppDelegate.swift in Sources */ = {isa = PBXBuildFile; fileRef = 5D35E2C929C424B200FCDDBC /* AppDelegate.swift */; };
		5D35E2CC29C424B200FCDDBC /* SceneDelegate.swift in Sources */ = {isa = PBXBuildFile; fileRef = 5D35E2CB29C424B200FCDDBC /* SceneDelegate.swift */; };
		5D35E2CE29C424B200FCDDBC /* CameraViewController.swift in Sources */ = {isa = PBXBuildFile; fileRef = 5D35E2CD29C424B200FCDDBC /* CameraViewController.swift */; };
		5D35E2D129C424B200FCDDBC /* Main.storyboard in Resources */ = {isa = PBXBuildFile; fileRef = 5D35E2CF29C424B200FCDDBC /* Main.storyboard */; };
		5D35E2D329C424B400FCDDBC /* Assets.xcassets in Resources */ = {isa = PBXBuildFile; fileRef = 5D35E2D229C424B400FCDDBC /* Assets.xcassets */; };
		5D35E2D629C424B400FCDDBC /* LaunchScreen.storyboard in Resources */ = {isa = PBXBuildFile; fileRef = 5D35E2D429C424B400FCDDBC /* LaunchScreen.storyboard */; };
		5D35E2E329C43A8800FCDDBC /* OpenCVWrapper.mm in Sources */ = {isa = PBXBuildFile; fileRef = 5D35E2E229C43A8800FCDDBC /* OpenCVWrapper.mm */; };
		E8D2F8BE9F3805FFE2B24854 /* Pods_opencv.framework in Frameworks */ = {isa = PBXBuildFile; fileRef = ED3507C95EA167BD17C4A9E5 /* Pods_opencv.framework */; };
/* End PBXBuildFile section */

/* Begin PBXFileReference section */
		5B999F81199E5F560E94745E /* Pods-opencv.debug.xcconfig */ = {isa = PBXFileReference; includeInIndex = 1; lastKnownFileType = text.xcconfig; name = "Pods-opencv.debug.xcconfig"; path = "Target Support Files/Pods-opencv/Pods-opencv.debug.xcconfig"; sourceTree = "<group>"; };
		5D35E2C629C424B200FCDDBC /* opencv.app */ = {isa = PBXFileReference; explicitFileType = wrapper.application; includeInIndex = 0; path = opencv.app; sourceTree = BUILT_PRODUCTS_DIR; };
		5D35E2C929C424B200FCDDBC /* AppDelegate.swift */ = {isa = PBXFileReference; lastKnownFileType = sourcecode.swift; path = AppDelegate.swift; sourceTree = "<group>"; };
		5D35E2CB29C424B200FCDDBC /* SceneDelegate.swift */ = {isa = PBXFileReference; lastKnownFileType = sourcecode.swift; path = SceneDelegate.swift; sourceTree = "<group>"; };
		5D35E2CD29C424B200FCDDBC /* CameraViewController.swift */ = {isa = PBXFileReference; lastKnownFileType = sourcecode.swift; path = CameraViewController.swift; sourceTree = "<group>"; };
		5D35E2D029C424B200FCDDBC /* Base */ = {isa = PBXFileReference; lastKnownFileType = file.storyboard; name = Base; path = Base.lproj/Main.storyboard; sourceTree = "<group>"; };
		5D35E2D229C424B400FCDDBC /* Assets.xcassets */ = {isa = PBXFileReference; lastKnownFileType = folder.assetcatalog; path = Assets.xcassets; sourceTree = "<group>"; };
		5D35E2D529C424B400FCDDBC /* Base */ = {isa = PBXFileReference; lastKnownFileType = file.storyboard; name = Base; path = Base.lproj/LaunchScreen.storyboard; sourceTree = "<group>"; };
		5D35E2D729C424B400FCDDBC /* Info.plist */ = {isa = PBXFileReference; lastKnownFileType = text.plist.xml; path = Info.plist; sourceTree = "<group>"; };
		5D35E2E129C43A8800FCDDBC /* OpenCVWrapper.h */ = {isa = PBXFileReference; lastKnownFileType = sourcecode.c.h; path = OpenCVWrapper.h; sourceTree = "<group>"; };
		5D35E2E229C43A8800FCDDBC /* OpenCVWrapper.mm */ = {isa = PBXFileReference; lastKnownFileType = sourcecode.cpp.objcpp; path = OpenCVWrapper.mm; sourceTree = "<group>"; };
		5DAD22F929C7E24500E88A1E /* opencv-Bridging-Header.h */ = {isa = PBXFileReference; lastKnownFileType = sourcecode.c.h; path = "opencv-Bridging-Header.h"; sourceTree = "<group>"; };
		ED3507C95EA167BD17C4A9E5 /* Pods_opencv.framework */ = {isa = PBXFileReference; explicitFileType = wrapper.framework; includeInIndex = 0; path = Pods_opencv.framework; sourceTree = BUILT_PRODUCTS_DIR; };
		F499A8671F0AAEB268E21769 /* Pods-opencv.release.xcconfig */ = {isa = PBXFileReference; includeInIndex = 1; lastKnownFileType = text.xcconfig; name = "Pods-opencv.release.xcconfig"; path = "Target Support Files/Pods-opencv/Pods-opencv.release.xcconfig"; sourceTree = "<group>"; };
/* End PBXFileReference section */

/* Begin PBXFrameworksBuildPhase section */
		5D35E2C329C424B200FCDDBC /* Frameworks */ = {
			isa = PBXFrameworksBuildPhase;
			buildActionMask = 2147483647;
			files = (
				E8D2F8BE9F3805FFE2B24854 /* Pods_opencv.framework in Frameworks */,
			);
			runOnlyForDeploymentPostprocessing = 0;
		};
/* End PBXFrameworksBuildPhase section */

/* Begin PBXGroup section */
		5D35E2BD29C424B200FCDDBC = {
			isa = PBXGroup;
			children = (
				5D35E2C829C424B200FCDDBC /* opencv */,
				5D35E2C729C424B200FCDDBC /* Products */,
				B27EDF81737E8264B934BC44 /* Pods */,
				CBB46E578547BC7C2C83DB29 /* Frameworks */,
			);
			sourceTree = "<group>";
		};
		5D35E2C729C424B200FCDDBC /* Products */ = {
			isa = PBXGroup;
			children = (
				5D35E2C629C424B200FCDDBC /* opencv.app */,
			);
			name = Products;
			sourceTree = "<group>";
		};
		5D35E2C829C424B200FCDDBC /* opencv */ = {
			isa = PBXGroup;
			children = (
				5D35E2C929C424B200FCDDBC /* AppDelegate.swift */,
				5D35E2CB29C424B200FCDDBC /* SceneDelegate.swift */,
				5D35E2CD29C424B200FCDDBC /* CameraViewController.swift */,
				5D35E2CF29C424B200FCDDBC /* Main.storyboard */,
				5D35E2D229C424B400FCDDBC /* Assets.xcassets */,
				5D35E2D429C424B400FCDDBC /* LaunchScreen.storyboard */,
				5D35E2D729C424B400FCDDBC /* Info.plist */,
				5D35E2E129C43A8800FCDDBC /* OpenCVWrapper.h */,
				5D35E2E229C43A8800FCDDBC /* OpenCVWrapper.mm */,
				5DAD22F929C7E24500E88A1E /* opencv-Bridging-Header.h */,
			);
			path = opencv;
			sourceTree = "<group>";
		};
		B27EDF81737E8264B934BC44 /* Pods */ = {
			isa = PBXGroup;
			children = (
				5B999F81199E5F560E94745E /* Pods-opencv.debug.xcconfig */,
				F499A8671F0AAEB268E21769 /* Pods-opencv.release.xcconfig */,
			);
			path = Pods;
			sourceTree = "<group>";
		};
		CBB46E578547BC7C2C83DB29 /* Frameworks */ = {
			isa = PBXGroup;
			children = (
				ED3507C95EA167BD17C4A9E5 /* Pods_opencv.framework */,
			);
			name = Frameworks;
			sourceTree = "<group>";
		};
/* End PBXGroup section */

/* Begin PBXNativeTarget section */
		5D35E2C529C424B200FCDDBC /* opencv */ = {
			isa = PBXNativeTarget;
			buildConfigurationList = 5D35E2DA29C424B400FCDDBC /* Build configuration list for PBXNativeTarget "opencv" */;
			buildPhases = (
				036855709917905EC1E0F0A7 /* [CP] Check Pods Manifest.lock */,
				5D35E2C229C424B200FCDDBC /* Sources */,
				5D35E2C329C424B200FCDDBC /* Frameworks */,
				5D35E2C429C424B200FCDDBC /* Resources */,
			);
			buildRules = (
			);
			dependencies = (
			);
			name = opencv;
			productName = opencv;
			productReference = 5D35E2C629C424B200FCDDBC /* opencv.app */;
			productType = "com.apple.product-type.application";
		};
/* End PBXNativeTarget section */

/* Begin PBXProject section */
		5D35E2BE29C424B200FCDDBC /* Project object */ = {
			isa = PBXProject;
			attributes = {
				BuildIndependentTargetsInParallel = 1;
				LastSwiftUpdateCheck = 1420;
				LastUpgradeCheck = 1420;
				TargetAttributes = {
					5D35E2C529C424B200FCDDBC = {
						CreatedOnToolsVersion = 14.2;
						LastSwiftMigration = 1420;
					};
				};
			};
			buildConfigurationList = 5D35E2C129C424B200FCDDBC /* Build configuration list for PBXProject "opencv" */;
			compatibilityVersion = "Xcode 14.0";
			developmentRegion = en;
			hasScannedForEncodings = 0;
			knownRegions = (
				en,
				Base,
			);
			mainGroup = 5D35E2BD29C424B200FCDDBC;
			productRefGroup = 5D35E2C729C424B200FCDDBC /* Products */;
			projectDirPath = "";
			projectRoot = "";
			targets = (
				5D35E2C529C424B200FCDDBC /* opencv */,
			);
		};
/* End PBXProject section */

/* Begin PBXResourcesBuildPhase section */
		5D35E2C429C424B200FCDDBC /* Resources */ = {
			isa = PBXResourcesBuildPhase;
			buildActionMask = 2147483647;
			files = (
				5D35E2D629C424B400FCDDBC /* LaunchScreen.storyboard in Resources */,
				5D35E2D329C424B400FCDDBC /* Assets.xcassets in Resources */,
				5D35E2D129C424B200FCDDBC /* Main.storyboard in Resources */,
			);
			runOnlyForDeploymentPostprocessing = 0;
		};
/* End PBXResourcesBuildPhase section */

/* Begin PBXShellScriptBuildPhase section */
		036855709917905EC1E0F0A7 /* [CP] Check Pods Manifest.lock */ = {
			isa = PBXShellScriptBuildPhase;
			buildActionMask = 2147483647;
			files = (
			);
			inputFileListPaths = (
			);
			inputPaths = (
				"${PODS_PODFILE_DIR_PATH}/Podfile.lock",
				"${PODS_ROOT}/Manifest.lock",
			);
			name = "[CP] Check Pods Manifest.lock";
			outputFileListPaths = (
			);
			outputPaths = (
				"$(DERIVED_FILE_DIR)/Pods-opencv-checkManifestLockResult.txt",
			);
			runOnlyForDeploymentPostprocessing = 0;
			shellPath = /bin/sh;
			shellScript = "diff \"${PODS_PODFILE_DIR_PATH}/Podfile.lock\" \"${PODS_ROOT}/Manifest.lock\" > /dev/null\nif [ $? != 0 ] ; then\n    # print error to STDERR\n    echo \"error: The sandbox is not in sync with the Podfile.lock. Run 'pod install' or update your CocoaPods installation.\" >&2\n    exit 1\nfi\n# This output is used by Xcode 'outputs' to avoid re-running this script phase.\necho \"SUCCESS\" > \"${SCRIPT_OUTPUT_FILE_0}\"\n";
			showEnvVarsInLog = 0;
		};
/* End PBXShellScriptBuildPhase section */

/* Begin PBXSourcesBuildPhase section */
		5D35E2C229C424B200FCDDBC /* Sources */ = {
			isa = PBXSourcesBuildPhase;
			buildActionMask = 2147483647;
			files = (
				5D35E2E329C43A8800FCDDBC /* OpenCVWrapper.mm in Sources */,
				5D35E2CE29C424B200FCDDBC /* CameraViewController.swift in Sources */,
				5D35E2CA29C424B200FCDDBC /* AppDelegate.swift in Sources */,
				5D35E2CC29C424B200FCDDBC /* SceneDelegate.swift in Sources */,
			);
			runOnlyForDeploymentPostprocessing = 0;
		};
/* End PBXSourcesBuildPhase section */

/* Begin PBXVariantGroup section */
		5D35E2CF29C424B200FCDDBC /* Main.storyboard */ = {
			isa = PBXVariantGroup;
			children = (
				5D35E2D029C424B200FCDDBC /* Base */,
			);
			name = Main.storyboard;
			sourceTree = "<group>";
		};
		5D35E2D429C424B400FCDDBC /* LaunchScreen.storyboard */ = {
			isa = PBXVariantGroup;
			children = (
				5D35E2D529C424B400FCDDBC /* Base */,
			);
			name = LaunchScreen.storyboard;
			sourceTree = "<group>";
		};
/* End PBXVariantGroup section */

/* Begin XCBuildConfiguration section */
		5D35E2D829C424B400FCDDBC /* Debug */ = {
			isa = XCBuildConfiguration;
			buildSettings = {
				ALWAYS_SEARCH_USER_PATHS = NO;
				CLANG_ANALYZER_NONNULL = YES;
				CLANG_ANALYZER_NUMBER_OBJECT_CONVERSION = YES_AGGRESSIVE;
				CLANG_CXX_LANGUAGE_STANDARD = "gnu++20";
				CLANG_ENABLE_MODULES = YES;
				CLANG_ENABLE_OBJC_ARC = YES;
				CLANG_ENABLE_OBJC_WEAK = YES;
				CLANG_WARN_BLOCK_CAPTURE_AUTORELEASING = YES;
				CLANG_WARN_BOOL_CONVERSION = YES;
				CLANG_WARN_COMMA = YES;
				CLANG_WARN_CONSTANT_CONVERSION = YES;
				CLANG_WARN_DEPRECATED_OBJC_IMPLEMENTATIONS = YES;
				CLANG_WARN_DIRECT_OBJC_ISA_USAGE = YES_ERROR;
				CLANG_WARN_DOCUMENTATION_COMMENTS = YES;
				CLANG_WARN_EMPTY_BODY = YES;
				CLANG_WARN_ENUM_CONVERSION = YES;
				CLANG_WARN_INFINITE_RECURSION = YES;
				CLANG_WARN_INT_CONVERSION = YES;
				CLANG_WARN_NON_LITERAL_NULL_CONVERSION = YES;
				CLANG_WARN_OBJC_IMPLICIT_RETAIN_SELF = YES;
				CLANG_WARN_OBJC_LITERAL_CONVERSION = YES;
				CLANG_WARN_OBJC_ROOT_CLASS = YES_ERROR;
				CLANG_WARN_QUOTED_INCLUDE_IN_FRAMEWORK_HEADER = YES;
				CLANG_WARN_RANGE_LOOP_ANALYSIS = YES;
				CLANG_WARN_STRICT_PROTOTYPES = YES;
				CLANG_WARN_SUSPICIOUS_MOVE = YES;
				CLANG_WARN_UNGUARDED_AVAILABILITY = YES_AGGRESSIVE;
				CLANG_WARN_UNREACHABLE_CODE = YES;
				CLANG_WARN__DUPLICATE_METHOD_MATCH = YES;
				COPY_PHASE_STRIP = NO;
				DEBUG_INFORMATION_FORMAT = dwarf;
				ENABLE_STRICT_OBJC_MSGSEND = YES;
				ENABLE_TESTABILITY = YES;
				GCC_C_LANGUAGE_STANDARD = gnu11;
				GCC_DYNAMIC_NO_PIC = NO;
				GCC_NO_COMMON_BLOCKS = YES;
				GCC_OPTIMIZATION_LEVEL = 0;
				GCC_PREPROCESSOR_DEFINITIONS = (
					"DEBUG=1",
					"$(inherited)",
				);
				GCC_WARN_64_TO_32_BIT_CONVERSION = YES;
				GCC_WARN_ABOUT_RETURN_TYPE = YES_ERROR;
				GCC_WARN_UNDECLARED_SELECTOR = YES;
				GCC_WARN_UNINITIALIZED_AUTOS = YES_AGGRESSIVE;
				GCC_WARN_UNUSED_FUNCTION = YES;
				GCC_WARN_UNUSED_VARIABLE = YES;
				IPHONEOS_DEPLOYMENT_TARGET = 16.2;
				MTL_ENABLE_DEBUG_INFO = INCLUDE_SOURCE;
				MTL_FAST_MATH = YES;
				ONLY_ACTIVE_ARCH = YES;
				SDKROOT = iphoneos;
				SWIFT_ACTIVE_COMPILATION_CONDITIONS = DEBUG;
				SWIFT_OPTIMIZATION_LEVEL = "-Onone";
			};
			name = Debug;
		};
		5D35E2D929C424B400FCDDBC /* Release */ = {
			isa = XCBuildConfiguration;
			buildSettings = {
				ALWAYS_SEARCH_USER_PATHS = NO;
				CLANG_ANALYZER_NONNULL = YES;
				CLANG_ANALYZER_NUMBER_OBJECT_CONVERSION = YES_AGGRESSIVE;
				CLANG_CXX_LANGUAGE_STANDARD = "gnu++20";
				CLANG_ENABLE_MODULES = YES;
				CLANG_ENABLE_OBJC_ARC = YES;
				CLANG_ENABLE_OBJC_WEAK = YES;
				CLANG_WARN_BLOCK_CAPTURE_AUTORELEASING = YES;
				CLANG_WARN_BOOL_CONVERSION = YES;
				CLANG_WARN_COMMA = YES;
				CLANG_WARN_CONSTANT_CONVERSION = YES;
				CLANG_WARN_DEPRECATED_OBJC_IMPLEMENTATIONS = YES;
				CLANG_WARN_DIRECT_OBJC_ISA_USAGE = YES_ERROR;
				CLANG_WARN_DOCUMENTATION_COMMENTS = YES;
				CLANG_WARN_EMPTY_BODY = YES;
				CLANG_WARN_ENUM_CONVERSION = YES;
				CLANG_WARN_INFINITE_RECURSION = YES;
				CLANG_WARN_INT_CONVERSION = YES;
				CLANG_WARN_NON_LITERAL_NULL_CONVERSION = YES;
				CLANG_WARN_OBJC_IMPLICIT_RETAIN_SELF = YES;
				CLANG_WARN_OBJC_LITERAL_CONVERSION = YES;
				CLANG_WARN_OBJC_ROOT_CLASS = YES_ERROR;
				CLANG_WARN_QUOTED_INCLUDE_IN_FRAMEWORK_HEADER = YES;
				CLANG_WARN_RANGE_LOOP_ANALYSIS = YES;
				CLANG_WARN_STRICT_PROTOTYPES = YES;
				CLANG_WARN_SUSPICIOUS_MOVE = YES;
				CLANG_WARN_UNGUARDED_AVAILABILITY = YES_AGGRESSIVE;
				CLANG_WARN_UNREACHABLE_CODE = YES;
				CLANG_WARN__DUPLICATE_METHOD_MATCH = YES;
				COPY_PHASE_STRIP = NO;
				DEBUG_INFORMATION_FORMAT = "dwarf-with-dsym";
				ENABLE_NS_ASSERTIONS = NO;
				ENABLE_STRICT_OBJC_MSGSEND = YES;
				GCC_C_LANGUAGE_STANDARD = gnu11;
				GCC_NO_COMMON_BLOCKS = YES;
				GCC_WARN_64_TO_32_BIT_CONVERSION = YES;
				GCC_WARN_ABOUT_RETURN_TYPE = YES_ERROR;
				GCC_WARN_UNDECLARED_SELECTOR = YES;
				GCC_WARN_UNINITIALIZED_AUTOS = YES_AGGRESSIVE;
				GCC_WARN_UNUSED_FUNCTION = YES;
				GCC_WARN_UNUSED_VARIABLE = YES;
				IPHONEOS_DEPLOYMENT_TARGET = 16.2;
				MTL_ENABLE_DEBUG_INFO = NO;
				MTL_FAST_MATH = YES;
				SDKROOT = iphoneos;
				SWIFT_COMPILATION_MODE = wholemodule;
				SWIFT_OPTIMIZATION_LEVEL = "-O";
				VALIDATE_PRODUCT = YES;
			};
			name = Release;
		};
		5D35E2DB29C424B400FCDDBC /* Debug */ = {
			isa = XCBuildConfiguration;
			baseConfigurationReference = 5B999F81199E5F560E94745E /* Pods-opencv.debug.xcconfig */;
			buildSettings = {
				ASSETCATALOG_COMPILER_APPICON_NAME = AppIcon;
				ASSETCATALOG_COMPILER_GLOBAL_ACCENT_COLOR_NAME = AccentColor;
				CLANG_ENABLE_MODULES = YES;
				"CODE_SIGN_IDENTITY[sdk=iphoneos*]" = "iPhone Developer";
				CODE_SIGN_STYLE = Manual;
				CURRENT_PROJECT_VERSION = 1;
				DEVELOPMENT_TEAM = "";
				"DEVELOPMENT_TEAM[sdk=iphoneos*]" = 9477PE6E52;
				GENERATE_INFOPLIST_FILE = YES;
				INFOPLIST_FILE = opencv/Info.plist;
				INFOPLIST_KEY_UIApplicationSupportsIndirectInputEvents = YES;
				INFOPLIST_KEY_UILaunchStoryboardName = LaunchScreen;
				INFOPLIST_KEY_UIMainStoryboardFile = Main;
				INFOPLIST_KEY_UISupportedInterfaceOrientations_iPad = "UIInterfaceOrientationPortrait UIInterfaceOrientationPortraitUpsideDown UIInterfaceOrientationLandscapeLeft UIInterfaceOrientationLandscapeRight";
				INFOPLIST_KEY_UISupportedInterfaceOrientations_iPhone = "UIInterfaceOrientationPortrait UIInterfaceOrientationLandscapeLeft UIInterfaceOrientationLandscapeRight";
				IPHONEOS_DEPLOYMENT_TARGET = 14.0;
				LD_RUNPATH_SEARCH_PATHS = (
					"$(inherited)",
					"@executable_path/Frameworks",
				);
				MARKETING_VERSION = 1.0;
				PRODUCT_BUNDLE_IDENTIFIER = com.umc.opencv;
				PRODUCT_NAME = "$(TARGET_NAME)";
				PROVISIONING_PROFILE_SPECIFIER = "";
				"PROVISIONING_PROFILE_SPECIFIER[sdk=iphoneos*]" = "UMC Public Dev";
				SWIFT_EMIT_LOC_STRINGS = YES;
				SWIFT_OBJC_BRIDGING_HEADER = "opencv/opencv-Bridging-Header.h";
				SWIFT_OPTIMIZATION_LEVEL = "-Onone";
				SWIFT_VERSION = 5.0;
				TARGETED_DEVICE_FAMILY = "1,2";
			};
			name = Debug;
		};
		5D35E2DC29C424B400FCDDBC /* Release */ = {
			isa = XCBuildConfiguration;
			baseConfigurationReference = F499A8671F0AAEB268E21769 /* Pods-opencv.release.xcconfig */;
			buildSettings = {
				ASSETCATALOG_COMPILER_APPICON_NAME = AppIcon;
				ASSETCATALOG_COMPILER_GLOBAL_ACCENT_COLOR_NAME = AccentColor;
				CLANG_ENABLE_MODULES = YES;
				"CODE_SIGN_IDENTITY[sdk=iphoneos*]" = "iPhone Developer";
				CODE_SIGN_STYLE = Manual;
				CURRENT_PROJECT_VERSION = 1;
				DEVELOPMENT_TEAM = "";
				"DEVELOPMENT_TEAM[sdk=iphoneos*]" = 9477PE6E52;
				GENERATE_INFOPLIST_FILE = YES;
				INFOPLIST_FILE = opencv/Info.plist;
				INFOPLIST_KEY_UIApplicationSupportsIndirectInputEvents = YES;
				INFOPLIST_KEY_UILaunchStoryboardName = LaunchScreen;
				INFOPLIST_KEY_UIMainStoryboardFile = Main;
				INFOPLIST_KEY_UISupportedInterfaceOrientations_iPad = "UIInterfaceOrientationPortrait UIInterfaceOrientationPortraitUpsideDown UIInterfaceOrientationLandscapeLeft UIInterfaceOrientationLandscapeRight";
				INFOPLIST_KEY_UISupportedInterfaceOrientations_iPhone = "UIInterfaceOrientationPortrait UIInterfaceOrientationLandscapeLeft UIInterfaceOrientationLandscapeRight";
				IPHONEOS_DEPLOYMENT_TARGET = 14.0;
				LD_RUNPATH_SEARCH_PATHS = (
					"$(inherited)",
					"@executable_path/Frameworks",
				);
				MARKETING_VERSION = 1.0;
				PRODUCT_BUNDLE_IDENTIFIER = com.umc.opencv;
				PRODUCT_NAME = "$(TARGET_NAME)";
				PROVISIONING_PROFILE_SPECIFIER = "";
				"PROVISIONING_PROFILE_SPECIFIER[sdk=iphoneos*]" = "UMC Public Dev";
				SWIFT_EMIT_LOC_STRINGS = YES;
				SWIFT_OBJC_BRIDGING_HEADER = "opencv/opencv-Bridging-Header.h";
				SWIFT_VERSION = 5.0;
				TARGETED_DEVICE_FAMILY = "1,2";
			};
			name = Release;
		};
/* End XCBuildConfiguration section */

/* Begin XCConfigurationList section */
		5D35E2C129C424B200FCDDBC /* Build configuration list for PBXProject "opencv" */ = {
			isa = XCConfigurationList;
			buildConfigurations = (
				5D35E2D829C424B400FCDDBC /* Debug */,
				5D35E2D929C424B400FCDDBC /* Release */,
			);
			defaultConfigurationIsVisible = 0;
			defaultConfigurationName = Release;
		};
		5D35E2DA29C424B400FCDDBC /* Build configuration list for PBXNativeTarget "opencv" */ = {
			isa = XCConfigurationList;
			buildConfigurations = (
				5D35E2DB29C424B400FCDDBC /* Debug */,
				5D35E2DC29C424B400FCDDBC /* Release */,
			);
			defaultConfigurationIsVisible = 0;
			defaultConfigurationName = Release;
		};
/* End XCConfigurationList section */
	};
	rootObject = 5D35E2BE29C424B200FCDDBC /* Project object */;
}
